
Microsoft Visual Studio Solution File, Format Version 12.00
# Visual Studio 15
VisualStudioVersion = 15.0.27428.1
MinimumVisualStudioVersion = 10.0.40219.1
Project("{FAE04EC0-301F-11D3-BF4B-00C04F79EFBC}") = "Application", "Application\Application.csproj", "{05923C54-92C9-4D77-AED1-4F845F117026}"
EndProject
Project("{FAE04EC0-301F-11D3-BF4B-00C04F79EFBC}") = "ApplicationTests", "ApplicationTests\ApplicationTests.csproj", "{A04803D2-7BC7-4517-9F49-399A13AA94C0}"
EndProject
Project("{FAE04EC0-301F-11D3-BF4B-00C04F79EFBC}") = "MonkeyKing", "MonkeyKing\MonkeyKing.csproj", "{775D247D-BC41-418D-BC5B-7684D664DED7}"
EndProject
Project("{FAE04EC0-301F-11D3-BF4B-00C04F79EFBC}") = "MonkeyKingTests", "MonkeyKingTests\MonkeyKingTests.csproj", "{279CCC7B-7A0D-43E5-B77F-858C1437E970}"
EndProject
Project("{FAE04EC0-301F-11D3-BF4B-00C04F79EFBC}") = "Sales_Performance", "Sales_Performance\Sales_Performance.csproj", "{57493888-3EF2-40BA-9ECD-953714AD96B3}"
EndProject
Project("{FAE04EC0-301F-11D3-BF4B-00C04F79EFBC}") = "Transportation", "Transportation\Transportation.csproj", "{5C4954FF-DA4C-4975-80F0-3943370E2A06}"
EndProject
Project("{FAE04EC0-301F-11D3-BF4B-00C04F79EFBC}") = "Luwei", "Luwei\Luwei.csproj", "{8FEB8AD2-CE44-4B57-8316-F9DFD613B875}"
EndProject
Global
	GlobalSection(SolutionConfigurationPlatforms) = preSolution
		Debug|Any CPU = Debug|Any CPU
		Release|Any CPU = Release|Any CPU
	EndGlobalSection
	GlobalSection(ProjectConfigurationPlatforms) = postSolution
		{05923C54-92C9-4D77-AED1-4F845F117026}.Debug|Any CPU.ActiveCfg = Debug|Any CPU
		{05923C54-92C9-4D77-AED1-4F845F117026}.Debug|Any CPU.Build.0 = Debug|Any CPU
		{05923C54-92C9-4D77-AED1-4F845F117026}.Release|Any CPU.ActiveCfg = Release|Any CPU
		{05923C54-92C9-4D77-AED1-4F845F117026}.Release|Any CPU.Build.0 = Release|Any CPU
		{A04803D2-7BC7-4517-9F49-399A13AA94C0}.Debug|Any CPU.ActiveCfg = Debug|Any CPU
		{A04803D2-7BC7-4517-9F49-399A13AA94C0}.Debug|Any CPU.Build.0 = Debug|Any CPU
		{A04803D2-7BC7-4517-9F49-399A13AA94C0}.Release|Any CPU.ActiveCfg = Release|Any CPU
		{A04803D2-7BC7-4517-9F49-399A13AA94C0}.Release|Any CPU.Build.0 = Release|Any CPU
		{775D247D-BC41-418D-BC5B-7684D664DED7}.Debug|Any CPU.ActiveCfg = Debug|Any CPU
		{775D247D-BC41-418D-BC5B-7684D664DED7}.Debug|Any CPU.Build.0 = Debug|Any CPU
		{775D247D-BC41-418D-BC5B-7684D664DED7}.Release|Any CPU.ActiveCfg = Release|Any CPU
		{775D247D-BC41-418D-BC5B-7684D664DED7}.Release|Any CPU.Build.0 = Release|Any CPU
		{279CCC7B-7A0D-43E5-B77F-858C1437E970}.Debug|Any CPU.ActiveCfg = Debug|Any CPU
		{279CCC7B-7A0D-43E5-B77F-858C1437E970}.Debug|Any CPU.Build.0 = Debug|Any CPU
		{279CCC7B-7A0D-43E5-B77F-858C1437E970}.Release|Any CPU.ActiveCfg = Release|Any CPU
		{279CCC7B-7A0D-43E5-B77F-858C1437E970}.Release|Any CPU.Build.0 = Release|Any CPU
		{57493888-3EF2-40BA-9ECD-953714AD96B3}.Debug|Any CPU.ActiveCfg = Debug|Any CPU
		{57493888-3EF2-40BA-9ECD-953714AD96B3}.Debug|Any CPU.Build.0 = Debug|Any CPU
		{57493888-3EF2-40BA-9ECD-953714AD96B3}.Release|Any CPU.ActiveCfg = Release|Any CPU
		{57493888-3EF2-40BA-9ECD-953714AD96B3}.Release|Any CPU.Build.0 = Release|Any CPU
		{5C4954FF-DA4C-4975-80F0-3943370E2A06}.Debug|Any CPU.ActiveCfg = Debug|Any CPU
		{5C4954FF-DA4C-4975-80F0-3943370E2A06}.Debug|Any CPU.Build.0 = Debug|Any CPU
		{5C4954FF-DA4C-4975-80F0-3943370E2A06}.Release|Any CPU.ActiveCfg = Release|Any CPU
		{5C4954FF-DA4C-4975-80F0-3943370E2A06}.Release|Any CPU.Build.0 = Release|Any CPU
		{8FEB8AD2-CE44-4B57-8316-F9DFD613B875}.Debug|Any CPU.ActiveCfg = Debug|Any CPU
		{8FEB8AD2-CE44-4B57-8316-F9DFD613B875}.Debug|Any CPU.Build.0 = Debug|Any CPU
		{8FEB8AD2-CE44-4B57-8316-F9DFD613B875}.Release|Any CPU.ActiveCfg = Release|Any CPU
		{8FEB8AD2-CE44-4B57-8316-F9DFD613B875}.Release|Any CPU.Build.0 = Release|Any CPU
	EndGlobalSection
	GlobalSection(SolutionProperties) = preSolution
		HideSolutionNode = FALSE
	EndGlobalSection
	GlobalSection(ExtensibilityGlobals) = postSolution
		SolutionGuid = {CB50D6FB-D46F-4CF5-B823-29DA0E9CA9DD}
	EndGlobalSection
EndGlobal
